
Microsoft Visual Studio Solution File, Format Version 12.00
# Visual Studio 14
VisualStudioVersion = 14.0.24720.0
MinimumVisualStudioVersion = 10.0.40219.1
Project("{FAE04EC0-301F-11D3-BF4B-00C04F79EFBC}") = "MyHashTable", "MyHashTable\MyHashTable.csproj", "{FCB89FC8-4D4F-48DE-B945-CE31AB82C30A}"
EndProject
Project("{FAE04EC0-301F-11D3-BF4B-00C04F79EFBC}") = "MyHashTableTests", "MyHashTableTests\MyHashTableTests.csproj", "{4ABB1B89-E4DF-4234-839D-5352B33ACA3F}"
EndProject
Global
	GlobalSection(SolutionConfigurationPlatforms) = preSolution
		Debug|Any CPU = Debug|Any CPU
		Release|Any CPU = Release|Any CPU
	EndGlobalSection
	GlobalSection(ProjectConfigurationPlatforms) = postSolution
		{FCB89FC8-4D4F-48DE-B945-CE31AB82C30A}.Debug|Any CPU.ActiveCfg = Debug|Any CPU
		{FCB89FC8-4D4F-48DE-B945-CE31AB82C30A}.Debug|Any CPU.Build.0 = Debug|Any CPU
		{FCB89FC8-4D4F-48DE-B945-CE31AB82C30A}.Release|Any CPU.ActiveCfg = Release|Any CPU
		{FCB89FC8-4D4F-48DE-B945-CE31AB82C30A}.Release|Any CPU.Build.0 = Release|Any CPU
		{4ABB1B89-E4DF-4234-839D-5352B33ACA3F}.Debug|Any CPU.ActiveCfg = Debug|Any CPU
		{4ABB1B89-E4DF-4234-839D-5352B33ACA3F}.Debug|Any CPU.Build.0 = Debug|Any CPU
		{4ABB1B89-E4DF-4234-839D-5352B33ACA3F}.Release|Any CPU.ActiveCfg = Release|Any CPU
		{4ABB1B89-E4DF-4234-839D-5352B33ACA3F}.Release|Any CPU.Build.0 = Release|Any CPU
	EndGlobalSection
	GlobalSection(SolutionProperties) = preSolution
		HideSolutionNode = FALSE
	EndGlobalSection
EndGlobal
