
Microsoft Visual Studio Solution File, Format Version 12.00
# Visual Studio 14
VisualStudioVersion = 14.0.24720.0
MinimumVisualStudioVersion = 10.0.40219.1
Project("{FAE04EC0-301F-11D3-BF4B-00C04F79EFBC}") = "LOSA.Model", "LOSA.BL\LOSA.Model.csproj", "{29B01739-321D-4ADF-BC98-8242B297A121}"
EndProject
Project("{FAE04EC0-301F-11D3-BF4B-00C04F79EFBC}") = "LOSA.DBL", "LOSA.DBL\LOSA.DBL.csproj", "{2B222336-11C1-4F82-BBD7-6BCF37671001}"
EndProject
Project("{FAE04EC0-301F-11D3-BF4B-00C04F79EFBC}") = "LOSA.Console", "LOSA.Console\LOSA.Console.csproj", "{EF70AB05-4413-4E2D-A805-86C64234D615}"
EndProject
Project("{FAE04EC0-301F-11D3-BF4B-00C04F79EFBC}") = "LOSA.BL", "LOSA.BL\LOSA.BL.csproj", "{0C4CEAB0-1362-423E-AE35-BE306402C7D2}"
EndProject
Project("{FAE04EC0-301F-11D3-BF4B-00C04F79EFBC}") = "LOSA.API", "LOSA.API\LOSA.API.csproj", "{73771F82-763D-446C-B22B-1E6CCEECAE47}"
EndProject
Global
	GlobalSection(SolutionConfigurationPlatforms) = preSolution
		Debug|Any CPU = Debug|Any CPU
		Release|Any CPU = Release|Any CPU
	EndGlobalSection
	GlobalSection(ProjectConfigurationPlatforms) = postSolution
		{29B01739-321D-4ADF-BC98-8242B297A121}.Debug|Any CPU.ActiveCfg = Debug|Any CPU
		{29B01739-321D-4ADF-BC98-8242B297A121}.Debug|Any CPU.Build.0 = Debug|Any CPU
		{29B01739-321D-4ADF-BC98-8242B297A121}.Release|Any CPU.ActiveCfg = Release|Any CPU
		{29B01739-321D-4ADF-BC98-8242B297A121}.Release|Any CPU.Build.0 = Release|Any CPU
		{2B222336-11C1-4F82-BBD7-6BCF37671001}.Debug|Any CPU.ActiveCfg = Debug|Any CPU
		{2B222336-11C1-4F82-BBD7-6BCF37671001}.Debug|Any CPU.Build.0 = Debug|Any CPU
		{2B222336-11C1-4F82-BBD7-6BCF37671001}.Release|Any CPU.ActiveCfg = Release|Any CPU
		{2B222336-11C1-4F82-BBD7-6BCF37671001}.Release|Any CPU.Build.0 = Release|Any CPU
		{EF70AB05-4413-4E2D-A805-86C64234D615}.Debug|Any CPU.ActiveCfg = Debug|Any CPU
		{EF70AB05-4413-4E2D-A805-86C64234D615}.Debug|Any CPU.Build.0 = Debug|Any CPU
		{EF70AB05-4413-4E2D-A805-86C64234D615}.Release|Any CPU.ActiveCfg = Release|Any CPU
		{EF70AB05-4413-4E2D-A805-86C64234D615}.Release|Any CPU.Build.0 = Release|Any CPU
		{0C4CEAB0-1362-423E-AE35-BE306402C7D2}.Debug|Any CPU.ActiveCfg = Debug|Any CPU
		{0C4CEAB0-1362-423E-AE35-BE306402C7D2}.Debug|Any CPU.Build.0 = Debug|Any CPU
		{0C4CEAB0-1362-423E-AE35-BE306402C7D2}.Release|Any CPU.ActiveCfg = Release|Any CPU
		{0C4CEAB0-1362-423E-AE35-BE306402C7D2}.Release|Any CPU.Build.0 = Release|Any CPU
		{73771F82-763D-446C-B22B-1E6CCEECAE47}.Debug|Any CPU.ActiveCfg = Debug|Any CPU
		{73771F82-763D-446C-B22B-1E6CCEECAE47}.Debug|Any CPU.Build.0 = Debug|Any CPU
		{73771F82-763D-446C-B22B-1E6CCEECAE47}.Release|Any CPU.ActiveCfg = Release|Any CPU
		{73771F82-763D-446C-B22B-1E6CCEECAE47}.Release|Any CPU.Build.0 = Release|Any CPU
	EndGlobalSection
	GlobalSection(SolutionProperties) = preSolution
		HideSolutionNode = FALSE
	EndGlobalSection
EndGlobal
